// !$*UTF8*$!
{
	archiveVersion = 1;
	classes = {
	};
	objectVersion = 46;
	objects = {

/* Begin PBXBuildFile section */
		A8ECD6241F29CDB90030B031 /* AppDelegate.swift in Sources */ = {isa = PBXBuildFile; fileRef = A8ECD6231F29CDB90030B031 /* AppDelegate.swift */; };
		A8ECD6261F29CDB90030B031 /* ViewController.swift in Sources */ = {isa = PBXBuildFile; fileRef = A8ECD6251F29CDB90030B031 /* ViewController.swift */; };
		A8ECD6291F29CDB90030B031 /* Main.storyboard in Resources */ = {isa = PBXBuildFile; fileRef = A8ECD6271F29CDB90030B031 /* Main.storyboard */; };
		A8ECD62B1F29CDB90030B031 /* Assets.xcassets in Resources */ = {isa = PBXBuildFile; fileRef = A8ECD62A1F29CDB90030B031 /* Assets.xcassets */; };
		A8ECD62E1F29CDB90030B031 /* LaunchScreen.storyboard in Resources */ = {isa = PBXBuildFile; fileRef = A8ECD62C1F29CDB90030B031 /* LaunchScreen.storyboard */; };
/* End PBXBuildFile section */

/* Begin PBXFileReference section */
		A8ECD6201F29CDB90030B031 /* blurEffect.app */ = {isa = PBXFileReference; explicitFileType = wrapper.application; includeInIndex = 0; path = blurEffect.app; sourceTree = BUILT_PRODUCTS_DIR; };
		A8ECD6231F29CDB90030B031 /* AppDelegate.swift */ = {isa = PBXFileReference; lastKnownFileType = sourcecode.swift; path = AppDelegate.swift; sourceTree = "<group>"; };
		A8ECD6251F29CDB90030B031 /* ViewController.swift */ = {isa = PBXFileReference; lastKnownFileType = sourcecode.swift; path = ViewController.swift; sourceTree = "<group>"; };
		A8ECD6281F29CDB90030B031 /* Base */ = {isa = PBXFileReference; lastKnownFileType = file.storyboard; name = Base; path = Base.lproj/Main.storyboard; sourceTree = "<group>"; };
		A8ECD62A1F29CDB90030B031 /* Assets.xcassets */ = {isa = PBXFileReference; lastKnownFileType = folder.assetcatalog; path = Assets.xcassets; sourceTree = "<group>"; };
		A8ECD62D1F29CDB90030B031 /* Base */ = {isa = PBXFileReference; lastKnownFileType = file.storyboard; name = Base; path = Base.lproj/LaunchScreen.storyboard; sourceTree = "<group>"; };
		A8ECD62F1F29CDB90030B031 /* Info.plist */ = {isa = PBXFileReference; lastKnownFileType = text.plist.xml; path = Info.plist; sourceTree = "<group>"; };
/* End PBXFileReference section */

/* Begin PBXFrameworksBuildPhase section */
		A8ECD61D1F29CDB90030B031 /* Frameworks */ = {
			isa = PBXFrameworksBuildPhase;
			buildActionMask = 2147483647;
			files = (
			);
			runOnlyForDeploymentPostprocessing = 0;
		};
/* End PBXFrameworksBuildPhase section */

/* Begin PBXGroup section */
		A8ECD6171F29CDB90030B031 = {
			isa = PBXGroup;
			children = (
				A8ECD6221F29CDB90030B031 /* blurEffect */,
				A8ECD6211F29CDB90030B031 /* Products */,
			);
			sourceTree = "<group>";
		};
		A8ECD6211F29CDB90030B031 /* Products */ = {
			isa = PBXGroup;
			children = (
				A8ECD6201F29CDB90030B031 /* blurEffect.app */,
			);
			name = Products;
			sourceTree = "<group>";
		};
		A8ECD6221F29CDB90030B031 /* blurEffect */ = {
			isa = PBXGroup;
			children = (
				A8ECD6231F29CDB90030B031 /* AppDelegate.swift */,
				A8ECD6251F29CDB90030B031 /* ViewController.swift */,
				A8ECD6271F29CDB90030B031 /* Main.storyboard */,
				A8ECD62A1F29CDB90030B031 /* Assets.xcassets */,
				A8ECD62C1F29CDB90030B031 /* LaunchScreen.storyboard */,
				A8ECD62F1F29CDB90030B031 /* Info.plist */,
			);
			path = blurEffect;
			sourceTree = "<group>";
		};
/* End PBXGroup section */

/* Begin PBXNativeTarget section */
		A8ECD61F1F29CDB90030B031 /* blurEffect */ = {
			isa = PBXNativeTarget;
			buildConfigurationList = A8ECD6321F29CDB90030B031 /* Build configuration list for PBXNativeTarget "blurEffect" */;
			buildPhases = (
				A8ECD61C1F29CDB90030B031 /* Sources */,
				A8ECD61D1F29CDB90030B031 /* Frameworks */,
				A8ECD61E1F29CDB90030B031 /* Resources */,
			);
			buildRules = (
			);
			dependencies = (
			);
			name = blurEffect;
			productName = blurEffect;
			productReference = A8ECD6201F29CDB90030B031 /* blurEffect.app */;
			productType = "com.apple.product-type.application";
		};
/* End PBXNativeTarget section */

/* Begin PBXProject section */
		A8ECD6181F29CDB90030B031 /* Project object */ = {
			isa = PBXProject;
			attributes = {
				LastSwiftUpdateCheck = 0830;
				LastUpgradeCheck = 0830;
				ORGANIZATIONNAME = "陳 冠禎";
				TargetAttributes = {
					A8ECD61F1F29CDB90030B031 = {
						CreatedOnToolsVersion = 8.3.3;
						DevelopmentTeam = Y8SJ5M44N4;
						ProvisioningStyle = Automatic;
					};
				};
			};
			buildConfigurationList = A8ECD61B1F29CDB90030B031 /* Build configuration list for PBXProject "blurEffect" */;
			compatibilityVersion = "Xcode 3.2";
			developmentRegion = English;
			hasScannedForEncodings = 0;
			knownRegions = (
				en,
				Base,
			);
			mainGroup = A8ECD6171F29CDB90030B031;
			productRefGroup = A8ECD6211F29CDB90030B031 /* Products */;
			projectDirPath = "";
			projectRoot = "";
			targets = (
				A8ECD61F1F29CDB90030B031 /* blurEffect */,
			);
		};
/* End PBXProject section */

/* Begin PBXResourcesBuildPhase section */
		A8ECD61E1F29CDB90030B031 /* Resources */ = {
			isa = PBXResourcesBuildPhase;
			buildActionMask = 2147483647;
			files = (
				A8ECD62E1F29CDB90030B031 /* LaunchScreen.storyboard in Resources */,
				A8ECD62B1F29CDB90030B031 /* Assets.xcassets in Resources */,
				A8ECD6291F29CDB90030B031 /* Main.storyboard in Resources */,
			);
			runOnlyForDeploymentPostprocessing = 0;
		};
/* End PBXResourcesBuildPhase section */

/* Begin PBXSourcesBuildPhase section */
		A8ECD61C1F29CDB90030B031 /* Sources */ = {
			isa = PBXSourcesBuildPhase;
			buildActionMask = 2147483647;
			files = (
				A8ECD6261F29CDB90030B031 /* ViewController.swift in Sources */,
				A8ECD6241F29CDB90030B031 /* AppDelegate.swift in Sources */,
			);
			runOnlyForDeploymentPostprocessing = 0;
		};
/* End PBXSourcesBuildPhase section */

/* Begin PBXVariantGroup section */
		A8ECD6271F29CDB90030B031 /* Main.storyboard */ = {
			isa = PBXVariantGroup;
			children = (
				A8ECD6281F29CDB90030B031 /* Base */,
			);
			name = Main.storyboard;
			sourceTree = "<group>";
		};
		A8ECD62C1F29CDB90030B031 /* LaunchScreen.storyboard */ = {
			isa = PBXVariantGroup;
			children = (
				A8ECD62D1F29CDB90030B031 /* Base */,
			);
			name = LaunchScreen.storyboard;
			sourceTree = "<group>";
		};
/* End PBXVariantGroup section */

/* Begin XCBuildConfiguration section */
		A8ECD6301F29CDB90030B031 /* Debug */ = {
			isa = XCBuildConfiguration;
			buildSettings = {
				ALWAYS_SEARCH_USER_PATHS = NO;
				CLANG_ANALYZER_NONNULL = YES;
				CLANG_ANALYZER_NUMBER_OBJECT_CONVERSION = YES_AGGRESSIVE;
				CLANG_CXX_LANGUAGE_STANDARD = "gnu++0x";
				CLANG_CXX_LIBRARY = "libc++";
				CLANG_ENABLE_MODULES = YES;
				CLANG_ENABLE_OBJC_ARC = YES;
				CLANG_WARN_BOOL_CONVERSION = YES;
				CLANG_WARN_CONSTANT_CONVERSION = YES;
				CLANG_WARN_DIRECT_OBJC_ISA_USAGE = YES_ERROR;
				CLANG_WARN_DOCUMENTATION_COMMENTS = YES;
				CLANG_WARN_EMPTY_BODY = YES;
				CLANG_WARN_ENUM_CONVERSION = YES;
				CLANG_WARN_INFINITE_RECURSION = YES;
				CLANG_WARN_INT_CONVERSION = YES;
				CLANG_WARN_OBJC_ROOT_CLASS = YES_ERROR;
				CLANG_WARN_SUSPICIOUS_MOVE = YES;
				CLANG_WARN_UNREACHABLE_CODE = YES;
				CLANG_WARN__DUPLICATE_METHOD_MATCH = YES;
				"CODE_SIGN_IDENTITY[sdk=iphoneos*]" = "iPhone Developer";
				COPY_PHASE_STRIP = NO;
				DEBUG_INFORMATION_FORMAT = dwarf;
				ENABLE_STRICT_OBJC_MSGSEND = YES;
				ENABLE_TESTABILITY = YES;
				GCC_C_LANGUAGE_STANDARD = gnu99;
				GCC_DYNAMIC_NO_PIC = NO;
				GCC_NO_COMMON_BLOCKS = YES;
				GCC_OPTIMIZATION_LEVEL = 0;
				GCC_PREPROCESSOR_DEFINITIONS = (
					"DEBUG=1",
					"$(inherited)",
				);
				GCC_WARN_64_TO_32_BIT_CONVERSION = YES;
				GCC_WARN_ABOUT_RETURN_TYPE = YES_ERROR;
				GCC_WARN_UNDECLARED_SELECTOR = YES;
				GCC_WARN_UNINITIALIZED_AUTOS = YES_AGGRESSIVE;
				GCC_WARN_UNUSED_FUNCTION = YES;
				GCC_WARN_UNUSED_VARIABLE = YES;
				IPHONEOS_DEPLOYMENT_TARGET = 10.3;
				MTL_ENABLE_DEBUG_INFO = YES;
				ONLY_ACTIVE_ARCH = YES;
				SDKROOT = iphoneos;
				SWIFT_ACTIVE_COMPILATION_CONDITIONS = DEBUG;
				SWIFT_OPTIMIZATION_LEVEL = "-Onone";
			};
			name = Debug;
		};
		A8ECD6311F29CDB90030B031 /* Release */ = {
			isa = XCBuildConfiguration;
			buildSettings = {
				ALWAYS_SEARCH_USER_PATHS = NO;
				CLANG_ANALYZER_NONNULL = YES;
				CLANG_ANALYZER_NUMBER_OBJECT_CONVERSION = YES_AGGRESSIVE;
				CLANG_CXX_LANGUAGE_STANDARD = "gnu++0x";
				CLANG_CXX_LIBRARY = "libc++";
				CLANG_ENABLE_MODULES = YES;
				CLANG_ENABLE_OBJC_ARC = YES;
				CLANG_WARN_BOOL_CONVERSION = YES;
				CLANG_WARN_CONSTANT_CONVERSION = YES;
				CLANG_WARN_DIRECT_OBJC_ISA_USAGE = YES_ERROR;
				CLANG_WARN_DOCUMENTATION_COMMENTS = YES;
				CLANG_WARN_EMPTY_BODY = YES;
				CLANG_WARN_ENUM_CONVERSION = YES;
				CLANG_WARN_INFINITE_RECURSION = YES;
				CLANG_WARN_INT_CONVERSION = YES;
				CLANG_WARN_OBJC_ROOT_CLASS = YES_ERROR;
				CLANG_WARN_SUSPICIOUS_MOVE = YES;
				CLANG_WARN_UNREACHABLE_CODE = YES;
				CLANG_WARN__DUPLICATE_METHOD_MATCH = YES;
				"CODE_SIGN_IDENTITY[sdk=iphoneos*]" = "iPhone Developer";
				COPY_PHASE_STRIP = NO;
				DEBUG_INFORMATION_FORMAT = "dwarf-with-dsym";
				ENABLE_NS_ASSERTIONS = NO;
				ENABLE_STRICT_OBJC_MSGSEND = YES;
				GCC_C_LANGUAGE_STANDARD = gnu99;
				GCC_NO_COMMON_BLOCKS = YES;
				GCC_WARN_64_TO_32_BIT_CONVERSION = YES;
				GCC_WARN_ABOUT_RETURN_TYPE = YES_ERROR;
				GCC_WARN_UNDECLARED_SELECTOR = YES;
				GCC_WARN_UNINITIALIZED_AUTOS = YES_AGGRESSIVE;
				GCC_WARN_UNUSED_FUNCTION = YES;
				GCC_WARN_UNUSED_VARIABLE = YES;
				IPHONEOS_DEPLOYMENT_TARGET = 10.3;
				MTL_ENABLE_DEBUG_INFO = NO;
				SDKROOT = iphoneos;
				SWIFT_OPTIMIZATION_LEVEL = "-Owholemodule";
				VALIDATE_PRODUCT = YES;
			};
			name = Release;
		};
		A8ECD6331F29CDB90030B031 /* Debug */ = {
			isa = XCBuildConfiguration;
			buildSettings = {
				ASSETCATALOG_COMPILER_APPICON_NAME = AppIcon;
				DEVELOPMENT_TEAM = Y8SJ5M44N4;
				INFOPLIST_FILE = blurEffect/Info.plist;
				LD_RUNPATH_SEARCH_PATHS = "$(inherited) @executable_path/Frameworks";
				PRODUCT_BUNDLE_IDENTIFIER = com.YouChu.blurEffect;
				PRODUCT_NAME = "$(TARGET_NAME)";
				SWIFT_VERSION = 3.0;
			};
			name = Debug;
		};
		A8ECD6341F29CDB90030B031 /* Release */ = {
			isa = XCBuildConfiguration;
			buildSettings = {
				ASSETCATALOG_COMPILER_APPICON_NAME = AppIcon;
				DEVELOPMENT_TEAM = Y8SJ5M44N4;
				INFOPLIST_FILE = blurEffect/Info.plist;
				LD_RUNPATH_SEARCH_PATHS = "$(inherited) @executable_path/Frameworks";
				PRODUCT_BUNDLE_IDENTIFIER = com.YouChu.blurEffect;
				PRODUCT_NAME = "$(TARGET_NAME)";
				SWIFT_VERSION = 3.0;
			};
			name = Release;
		};
/* End XCBuildConfiguration section */

/* Begin XCConfigurationList section */
		A8ECD61B1F29CDB90030B031 /* Build configuration list for PBXProject "blurEffect" */ = {
			isa = XCConfigurationList;
			buildConfigurations = (
				A8ECD6301F29CDB90030B031 /* Debug */,
				A8ECD6311F29CDB90030B031 /* Release */,
			);
			defaultConfigurationIsVisible = 0;
			defaultConfigurationName = Release;
		};
		A8ECD6321F29CDB90030B031 /* Build configuration list for PBXNativeTarget "blurEffect" */ = {
			isa = XCConfigurationList;
			buildConfigurations = (
				A8ECD6331F29CDB90030B031 /* Debug */,
				A8ECD6341F29CDB90030B031 /* Release */,
			);
			defaultConfigurationIsVisible = 0;
		};
/* End XCConfigurationList section */
	};
	rootObject = A8ECD6181F29CDB90030B031 /* Project object */;
}
